
Microsoft Visual Studio Solution File, Format Version 12.00
# Visual Studio Version 17
VisualStudioVersion = 17.7.34221.43
MinimumVisualStudioVersion = 10.0.40219.1
Project("{9A19103F-16F7-4668-BE54-9A1E7A4F7556}") = "WebApi", "BasicTaskManagementSystem\WebApi.csproj", "{042D4372-9746-4022-B85A-2BD80257EAE2}"
EndProject
Project("{9A19103F-16F7-4668-BE54-9A1E7A4F7556}") = "Application", "Application\Application.csproj", "{414519AF-5DBD-4AED-BA83-822DB05CD557}"
EndProject
Project("{9A19103F-16F7-4668-BE54-9A1E7A4F7556}") = "Domain", "Domain\Domain.csproj", "{4F0BE2E3-3580-47C9-BC80-F34F0ABC76EC}"
EndProject
Project("{9A19103F-16F7-4668-BE54-9A1E7A4F7556}") = "Infrastructure", "Infrastructure\Infrastructure.csproj", "{7EE57A7C-B407-485F-AE2D-ABBBECBBF59A}"
EndProject
Project("{9A19103F-16F7-4668-BE54-9A1E7A4F7556}") = "Framework", "Framework\Framework.csproj", "{0F7A4C0D-63F7-48CC-9187-B60EDA81BDE3}"
EndProject
Project("{FAE04EC0-301F-11D3-BF4B-00C04F79EFBC}") = "Dependency", "Dependency\Dependency.csproj", "{9410435B-B1CF-4B5E-80C0-6CD3E9D405C7}"
EndProject
Global
	GlobalSection(SolutionConfigurationPlatforms) = preSolution
		Debug|Any CPU = Debug|Any CPU
		Release|Any CPU = Release|Any CPU
	EndGlobalSection
	GlobalSection(ProjectConfigurationPlatforms) = postSolution
		{042D4372-9746-4022-B85A-2BD80257EAE2}.Debug|Any CPU.ActiveCfg = Debug|Any CPU
		{042D4372-9746-4022-B85A-2BD80257EAE2}.Debug|Any CPU.Build.0 = Debug|Any CPU
		{042D4372-9746-4022-B85A-2BD80257EAE2}.Release|Any CPU.ActiveCfg = Release|Any CPU
		{042D4372-9746-4022-B85A-2BD80257EAE2}.Release|Any CPU.Build.0 = Release|Any CPU
		{414519AF-5DBD-4AED-BA83-822DB05CD557}.Debug|Any CPU.ActiveCfg = Debug|Any CPU
		{414519AF-5DBD-4AED-BA83-822DB05CD557}.Debug|Any CPU.Build.0 = Debug|Any CPU
		{414519AF-5DBD-4AED-BA83-822DB05CD557}.Release|Any CPU.ActiveCfg = Release|Any CPU
		{414519AF-5DBD-4AED-BA83-822DB05CD557}.Release|Any CPU.Build.0 = Release|Any CPU
		{4F0BE2E3-3580-47C9-BC80-F34F0ABC76EC}.Debug|Any CPU.ActiveCfg = Debug|Any CPU
		{4F0BE2E3-3580-47C9-BC80-F34F0ABC76EC}.Debug|Any CPU.Build.0 = Debug|Any CPU
		{4F0BE2E3-3580-47C9-BC80-F34F0ABC76EC}.Release|Any CPU.ActiveCfg = Release|Any CPU
		{4F0BE2E3-3580-47C9-BC80-F34F0ABC76EC}.Release|Any CPU.Build.0 = Release|Any CPU
		{7EE57A7C-B407-485F-AE2D-ABBBECBBF59A}.Debug|Any CPU.ActiveCfg = Debug|Any CPU
		{7EE57A7C-B407-485F-AE2D-ABBBECBBF59A}.Debug|Any CPU.Build.0 = Debug|Any CPU
		{7EE57A7C-B407-485F-AE2D-ABBBECBBF59A}.Release|Any CPU.ActiveCfg = Release|Any CPU
		{7EE57A7C-B407-485F-AE2D-ABBBECBBF59A}.Release|Any CPU.Build.0 = Release|Any CPU
		{0F7A4C0D-63F7-48CC-9187-B60EDA81BDE3}.Debug|Any CPU.ActiveCfg = Debug|Any CPU
		{0F7A4C0D-63F7-48CC-9187-B60EDA81BDE3}.Debug|Any CPU.Build.0 = Debug|Any CPU
		{0F7A4C0D-63F7-48CC-9187-B60EDA81BDE3}.Release|Any CPU.ActiveCfg = Release|Any CPU
		{0F7A4C0D-63F7-48CC-9187-B60EDA81BDE3}.Release|Any CPU.Build.0 = Release|Any CPU
		{9410435B-B1CF-4B5E-80C0-6CD3E9D405C7}.Debug|Any CPU.ActiveCfg = Debug|Any CPU
		{9410435B-B1CF-4B5E-80C0-6CD3E9D405C7}.Debug|Any CPU.Build.0 = Debug|Any CPU
		{9410435B-B1CF-4B5E-80C0-6CD3E9D405C7}.Release|Any CPU.ActiveCfg = Release|Any CPU
		{9410435B-B1CF-4B5E-80C0-6CD3E9D405C7}.Release|Any CPU.Build.0 = Release|Any CPU
	EndGlobalSection
	GlobalSection(SolutionProperties) = preSolution
		HideSolutionNode = FALSE
	EndGlobalSection
	GlobalSection(ExtensibilityGlobals) = postSolution
		SolutionGuid = {3E1FF2DB-C979-4A89-BA93-E79A16878E88}
	EndGlobalSection
EndGlobal
